
Microsoft Visual Studio Solution File, Format Version 11.00
# Visual Studio 2010
Project("{FAE04EC0-301F-11D3-BF4B-00C04F79EFBC}") = "FlappyGG88", "Assembly-CSharp-firstpass.csproj", "{377B8615-4CB2-25BA-5D49-BECF2485E0CD}"
EndProject
Project("{FAE04EC0-301F-11D3-BF4B-00C04F79EFBC}") = "FlappyGG88", "Assembly-CSharp.csproj", "{A1A5584E-302A-65D3-0F16-A1128BBCE679}"
EndProject
Project("{FAE04EC0-301F-11D3-BF4B-00C04F79EFBC}") = "FlappyGG88", "Assembly-CSharp-Editor-firstpass.csproj", "{8BC3872E-4E84-7D80-071B-AFB151E93DD2}"
EndProject
Global
	GlobalSection(SolutionConfigurationPlatforms) = preSolution
		Debug|Any CPU = Debug|Any CPU
		Release|Any CPU = Release|Any CPU
	EndGlobalSection
	GlobalSection(ProjectConfigurationPlatforms) = postSolution
		{377B8615-4CB2-25BA-5D49-BECF2485E0CD}.Debug|Any CPU.ActiveCfg = Debug|Any CPU
		{377B8615-4CB2-25BA-5D49-BECF2485E0CD}.Debug|Any CPU.Build.0 = Debug|Any CPU
		{377B8615-4CB2-25BA-5D49-BECF2485E0CD}.Release|Any CPU.ActiveCfg = Release|Any CPU
		{377B8615-4CB2-25BA-5D49-BECF2485E0CD}.Release|Any CPU.Build.0 = Release|Any CPU
		{A1A5584E-302A-65D3-0F16-A1128BBCE679}.Debug|Any CPU.ActiveCfg = Debug|Any CPU
		{A1A5584E-302A-65D3-0F16-A1128BBCE679}.Debug|Any CPU.Build.0 = Debug|Any CPU
		{A1A5584E-302A-65D3-0F16-A1128BBCE679}.Release|Any CPU.ActiveCfg = Release|Any CPU
		{A1A5584E-302A-65D3-0F16-A1128BBCE679}.Release|Any CPU.Build.0 = Release|Any CPU
		{8BC3872E-4E84-7D80-071B-AFB151E93DD2}.Debug|Any CPU.ActiveCfg = Debug|Any CPU
		{8BC3872E-4E84-7D80-071B-AFB151E93DD2}.Debug|Any CPU.Build.0 = Debug|Any CPU
		{8BC3872E-4E84-7D80-071B-AFB151E93DD2}.Release|Any CPU.ActiveCfg = Release|Any CPU
		{8BC3872E-4E84-7D80-071B-AFB151E93DD2}.Release|Any CPU.Build.0 = Release|Any CPU
	EndGlobalSection
	GlobalSection(SolutionProperties) = preSolution
		HideSolutionNode = FALSE
	EndGlobalSection
	GlobalSection(MonoDevelopProperties) = preSolution
		StartupItem = Assembly-CSharp.csproj
	EndGlobalSection
EndGlobal
